lockfileVersion: 5.4

specifiers:
  prettier: ^2.8.2
  prettier-plugin-tailwindcss: ^0.2.1

devDependencies:
  prettier: 2.8.2
  prettier-plugin-tailwindcss: 0.2.1_prettier@2.8.2

packages:

  /prettier-plugin-tailwindcss/0.2.1_prettier@2.8.2:
    resolution: {integrity: sha512-aIO8IguumORyRsmT+E7JfJ3A9FEoyhqZR7Au7TBOege3VZkgMvHJMkufeYp4zjnDK2iq4ktkvGMNOQR9T8lisQ==}
    engines: {node: '>=12.17.0'}
    peerDependencies:
      prettier: '>=2.2.0'
    dependencies:
      prettier: 2.8.2
    dev: true

  /prettier/2.8.2:
    resolution: {integrity: sha512-BtRV9BcncDyI2tsuS19zzhzoxD8Dh8LiCx7j7tHzrkz8GFXAexeWFdi22mjE1d16dftH2qNaytVxqiRTGlMfpw==}
    engines: {node: '>=10.13.0'}
    hasBin: true
    dev: true
